
Microsoft Visual Studio Solution File, Format Version 12.00
# Visual Studio Version 16
VisualStudioVersion = 16.0.28711.60
MinimumVisualStudioVersion = 10.0.40219.1
Project("{8BC9CEB8-8B4A-11D0-8D11-00A0C91BC942}") = "DirectInsertSort", "1.InsertSort\DirectInsertSort\DirectInsertSort.vcxproj", "{B72F2E39-C755-4ED6-9763-F3BCA3DD7472}"
EndProject
Project("{2150E333-8FDC-42A3-9474-1A3956D46DE8}") = "1.InsertSort", "1.InsertSort", "{1A362862-AC87-44CD-B96C-FBE788264934}"
EndProject
Project("{8BC9CEB8-8B4A-11D0-8D11-00A0C91BC942}") = "BinaryInsertSort", "1.InsertSort\BinaryInsertSort\BinaryInsertSort.vcxproj", "{5FD71CE9-8B23-48CC-86A2-1F8116D64FBB}"
EndProject
Project("{8BC9CEB8-8B4A-11D0-8D11-00A0C91BC942}") = "ShellSort", "1.InsertSort\ShellSort\ShellSort.vcxproj", "{8D98D3FF-62C5-4ACA-8A10-0258AFFF0A8C}"
EndProject
Project("{2150E333-8FDC-42A3-9474-1A3956D46DE8}") = "2.SelectSort", "2.SelectSort", "{CDAEFC24-575C-4A3E-895B-1BC1BEFEEC6E}"
EndProject
Project("{8BC9CEB8-8B4A-11D0-8D11-00A0C91BC942}") = "SimpleSelectSort", "2.SelectSort\SimpleSelectSort\SimpleSelectSort.vcxproj", "{CC668989-5B4A-43B5-A21A-487A83B24D02}"
EndProject
Project("{8BC9CEB8-8B4A-11D0-8D11-00A0C91BC942}") = "HeapSort", "2.SelectSort\HeapSort\HeapSort.vcxproj", "{AE7D3FE2-66B1-4486-AFB0-BF6C5B1B06CC}"
EndProject
Project("{2150E333-8FDC-42A3-9474-1A3956D46DE8}") = "3.ExchangeSort", "3.ExchangeSort", "{CC88BC4F-896D-49D5-B04B-B03AF4F52E7F}"
EndProject
Project("{8BC9CEB8-8B4A-11D0-8D11-00A0C91BC942}") = "BubbleSort", "3.ExchangeSort\BubbleSort\BubbleSort.vcxproj", "{E2B94633-52C0-4E1B-B995-44799FC89250}"
EndProject
Project("{8BC9CEB8-8B4A-11D0-8D11-00A0C91BC942}") = "QuickSort", "3.ExchangeSort\QuickSort\QuickSort.vcxproj", "{38ACB72E-7D0C-4E91-96F3-58061255CFCB}"
EndProject
Project("{2150E333-8FDC-42A3-9474-1A3956D46DE8}") = "4.MergeSort", "4.MergeSort", "{4B10ED33-C4C8-4FE6-91ED-951A6011DADE}"
EndProject
Project("{8BC9CEB8-8B4A-11D0-8D11-00A0C91BC942}") = "MergeSort", "4.MergeSort\MergeSort\MergeSort.vcxproj", "{0191B205-706C-41FA-A708-5322EDEC9F24}"
EndProject
Project("{2150E333-8FDC-42A3-9474-1A3956D46DE8}") = "5.RadixSort", "5.RadixSort", "{4747019E-C805-4FF8-821F-AAEE999AC462}"
EndProject
Project("{8BC9CEB8-8B4A-11D0-8D11-00A0C91BC942}") = "RadixSort", "5.RadixSort\RadixSort\RadixSort.vcxproj", "{9955058C-F34A-4C78-8442-44CE193BF8DB}"
EndProject
Global
	GlobalSection(SolutionConfigurationPlatforms) = preSolution
		Debug|x64 = Debug|x64
		Debug|x86 = Debug|x86
		Release|x64 = Release|x64
		Release|x86 = Release|x86
	EndGlobalSection
	GlobalSection(ProjectConfigurationPlatforms) = postSolution
		{B72F2E39-C755-4ED6-9763-F3BCA3DD7472}.Debug|x64.ActiveCfg = Debug|x64
		{B72F2E39-C755-4ED6-9763-F3BCA3DD7472}.Debug|x64.Build.0 = Debug|x64
		{B72F2E39-C755-4ED6-9763-F3BCA3DD7472}.Debug|x86.ActiveCfg = Debug|Win32
		{B72F2E39-C755-4ED6-9763-F3BCA3DD7472}.Debug|x86.Build.0 = Debug|Win32
		{B72F2E39-C755-4ED6-9763-F3BCA3DD7472}.Release|x64.ActiveCfg = Release|x64
		{B72F2E39-C755-4ED6-9763-F3BCA3DD7472}.Release|x64.Build.0 = Release|x64
		{B72F2E39-C755-4ED6-9763-F3BCA3DD7472}.Release|x86.ActiveCfg = Release|Win32
		{B72F2E39-C755-4ED6-9763-F3BCA3DD7472}.Release|x86.Build.0 = Release|Win32
		{5FD71CE9-8B23-48CC-86A2-1F8116D64FBB}.Debug|x64.ActiveCfg = Debug|x64
		{5FD71CE9-8B23-48CC-86A2-1F8116D64FBB}.Debug|x64.Build.0 = Debug|x64
		{5FD71CE9-8B23-48CC-86A2-1F8116D64FBB}.Debug|x86.ActiveCfg = Debug|Win32
		{5FD71CE9-8B23-48CC-86A2-1F8116D64FBB}.Debug|x86.Build.0 = Debug|Win32
		{5FD71CE9-8B23-48CC-86A2-1F8116D64FBB}.Release|x64.ActiveCfg = Release|x64
		{5FD71CE9-8B23-48CC-86A2-1F8116D64FBB}.Release|x64.Build.0 = Release|x64
		{5FD71CE9-8B23-48CC-86A2-1F8116D64FBB}.Release|x86.ActiveCfg = Release|Win32
		{5FD71CE9-8B23-48CC-86A2-1F8116D64FBB}.Release|x86.Build.0 = Release|Win32
		{8D98D3FF-62C5-4ACA-8A10-0258AFFF0A8C}.Debug|x64.ActiveCfg = Debug|x64
		{8D98D3FF-62C5-4ACA-8A10-0258AFFF0A8C}.Debug|x64.Build.0 = Debug|x64
		{8D98D3FF-62C5-4ACA-8A10-0258AFFF0A8C}.Debug|x86.ActiveCfg = Debug|Win32
		{8D98D3FF-62C5-4ACA-8A10-0258AFFF0A8C}.Debug|x86.Build.0 = Debug|Win32
		{8D98D3FF-62C5-4ACA-8A10-0258AFFF0A8C}.Release|x64.ActiveCfg = Release|x64
		{8D98D3FF-62C5-4ACA-8A10-0258AFFF0A8C}.Release|x64.Build.0 = Release|x64
		{8D98D3FF-62C5-4ACA-8A10-0258AFFF0A8C}.Release|x86.ActiveCfg = Release|Win32
		{8D98D3FF-62C5-4ACA-8A10-0258AFFF0A8C}.Release|x86.Build.0 = Release|Win32
		{CC668989-5B4A-43B5-A21A-487A83B24D02}.Debug|x64.ActiveCfg = Debug|x64
		{CC668989-5B4A-43B5-A21A-487A83B24D02}.Debug|x64.Build.0 = Debug|x64
		{CC668989-5B4A-43B5-A21A-487A83B24D02}.Debug|x86.ActiveCfg = Debug|Win32
		{CC668989-5B4A-43B5-A21A-487A83B24D02}.Debug|x86.Build.0 = Debug|Win32
		{CC668989-5B4A-43B5-A21A-487A83B24D02}.Release|x64.ActiveCfg = Release|x64
		{CC668989-5B4A-43B5-A21A-487A83B24D02}.Release|x64.Build.0 = Release|x64
		{CC668989-5B4A-43B5-A21A-487A83B24D02}.Release|x86.ActiveCfg = Release|Win32
		{CC668989-5B4A-43B5-A21A-487A83B24D02}.Release|x86.Build.0 = Release|Win32
		{AE7D3FE2-66B1-4486-AFB0-BF6C5B1B06CC}.Debug|x64.ActiveCfg = Debug|x64
		{AE7D3FE2-66B1-4486-AFB0-BF6C5B1B06CC}.Debug|x64.Build.0 = Debug|x64
		{AE7D3FE2-66B1-4486-AFB0-BF6C5B1B06CC}.Debug|x86.ActiveCfg = Debug|Win32
		{AE7D3FE2-66B1-4486-AFB0-BF6C5B1B06CC}.Debug|x86.Build.0 = Debug|Win32
		{AE7D3FE2-66B1-4486-AFB0-BF6C5B1B06CC}.Release|x64.ActiveCfg = Release|x64
		{AE7D3FE2-66B1-4486-AFB0-BF6C5B1B06CC}.Release|x64.Build.0 = Release|x64
		{AE7D3FE2-66B1-4486-AFB0-BF6C5B1B06CC}.Release|x86.ActiveCfg = Release|Win32
		{AE7D3FE2-66B1-4486-AFB0-BF6C5B1B06CC}.Release|x86.Build.0 = Release|Win32
		{E2B94633-52C0-4E1B-B995-44799FC89250}.Debug|x64.ActiveCfg = Debug|x64
		{E2B94633-52C0-4E1B-B995-44799FC89250}.Debug|x64.Build.0 = Debug|x64
		{E2B94633-52C0-4E1B-B995-44799FC89250}.Debug|x86.ActiveCfg = Debug|Win32
		{E2B94633-52C0-4E1B-B995-44799FC89250}.Debug|x86.Build.0 = Debug|Win32
		{E2B94633-52C0-4E1B-B995-44799FC89250}.Release|x64.ActiveCfg = Release|x64
		{E2B94633-52C0-4E1B-B995-44799FC89250}.Release|x64.Build.0 = Release|x64
		{E2B94633-52C0-4E1B-B995-44799FC89250}.Release|x86.ActiveCfg = Release|Win32
		{E2B94633-52C0-4E1B-B995-44799FC89250}.Release|x86.Build.0 = Release|Win32
		{38ACB72E-7D0C-4E91-96F3-58061255CFCB}.Debug|x64.ActiveCfg = Debug|x64
		{38ACB72E-7D0C-4E91-96F3-58061255CFCB}.Debug|x64.Build.0 = Debug|x64
		{38ACB72E-7D0C-4E91-96F3-58061255CFCB}.Debug|x86.ActiveCfg = Debug|Win32
		{38ACB72E-7D0C-4E91-96F3-58061255CFCB}.Debug|x86.Build.0 = Debug|Win32
		{38ACB72E-7D0C-4E91-96F3-58061255CFCB}.Release|x64.ActiveCfg = Release|x64
		{38ACB72E-7D0C-4E91-96F3-58061255CFCB}.Release|x64.Build.0 = Release|x64
		{38ACB72E-7D0C-4E91-96F3-58061255CFCB}.Release|x86.ActiveCfg = Release|Win32
		{38ACB72E-7D0C-4E91-96F3-58061255CFCB}.Release|x86.Build.0 = Release|Win32
		{0191B205-706C-41FA-A708-5322EDEC9F24}.Debug|x64.ActiveCfg = Debug|x64
		{0191B205-706C-41FA-A708-5322EDEC9F24}.Debug|x64.Build.0 = Debug|x64
		{0191B205-706C-41FA-A708-5322EDEC9F24}.Debug|x86.ActiveCfg = Debug|Win32
		{0191B205-706C-41FA-A708-5322EDEC9F24}.Debug|x86.Build.0 = Debug|Win32
		{0191B205-706C-41FA-A708-5322EDEC9F24}.Release|x64.ActiveCfg = Release|x64
		{0191B205-706C-41FA-A708-5322EDEC9F24}.Release|x64.Build.0 = Release|x64
		{0191B205-706C-41FA-A708-5322EDEC9F24}.Release|x86.ActiveCfg = Release|Win32
		{0191B205-706C-41FA-A708-5322EDEC9F24}.Release|x86.Build.0 = Release|Win32
		{9955058C-F34A-4C78-8442-44CE193BF8DB}.Debug|x64.ActiveCfg = Debug|x64
		{9955058C-F34A-4C78-8442-44CE193BF8DB}.Debug|x64.Build.0 = Debug|x64
		{9955058C-F34A-4C78-8442-44CE193BF8DB}.Debug|x86.ActiveCfg = Debug|Win32
		{9955058C-F34A-4C78-8442-44CE193BF8DB}.Debug|x86.Build.0 = Debug|Win32
		{9955058C-F34A-4C78-8442-44CE193BF8DB}.Release|x64.ActiveCfg = Release|x64
		{9955058C-F34A-4C78-8442-44CE193BF8DB}.Release|x64.Build.0 = Release|x64
		{9955058C-F34A-4C78-8442-44CE193BF8DB}.Release|x86.ActiveCfg = Release|Win32
		{9955058C-F34A-4C78-8442-44CE193BF8DB}.Release|x86.Build.0 = Release|Win32
	EndGlobalSection
	GlobalSection(SolutionProperties) = preSolution
		HideSolutionNode = FALSE
	EndGlobalSection
	GlobalSection(NestedProjects) = preSolution
		{B72F2E39-C755-4ED6-9763-F3BCA3DD7472} = {1A362862-AC87-44CD-B96C-FBE788264934}
		{5FD71CE9-8B23-48CC-86A2-1F8116D64FBB} = {1A362862-AC87-44CD-B96C-FBE788264934}
		{8D98D3FF-62C5-4ACA-8A10-0258AFFF0A8C} = {1A362862-AC87-44CD-B96C-FBE788264934}
		{CC668989-5B4A-43B5-A21A-487A83B24D02} = {CDAEFC24-575C-4A3E-895B-1BC1BEFEEC6E}
		{AE7D3FE2-66B1-4486-AFB0-BF6C5B1B06CC} = {CDAEFC24-575C-4A3E-895B-1BC1BEFEEC6E}
		{E2B94633-52C0-4E1B-B995-44799FC89250} = {CC88BC4F-896D-49D5-B04B-B03AF4F52E7F}
		{38ACB72E-7D0C-4E91-96F3-58061255CFCB} = {CC88BC4F-896D-49D5-B04B-B03AF4F52E7F}
		{0191B205-706C-41FA-A708-5322EDEC9F24} = {4B10ED33-C4C8-4FE6-91ED-951A6011DADE}
		{9955058C-F34A-4C78-8442-44CE193BF8DB} = {4747019E-C805-4FF8-821F-AAEE999AC462}
	EndGlobalSection
	GlobalSection(ExtensibilityGlobals) = postSolution
		SolutionGuid = {5672CEE4-B492-4791-B120-5C115830C378}
	EndGlobalSection
EndGlobal
